// !$*UTF8*$!
{
	archiveVersion = 1;
	classes = {
	};
	objectVersion = 77;
	objects = {

/* Begin PBXBuildFile section */
		911B11162F856488007BA47C /* FirebaseAnalytics in Frameworks */ = {isa = PBXBuildFile; productRef = 911B11152F856488007BA47C /* FirebaseAnalytics */; };
		911B11182F856488007BA47C /* FirebaseAnalyticsCore in Frameworks */ = {isa = PBXBuildFile; productRef = 911B11172F856488007BA47C /* FirebaseAnalyticsCore */; };
		911B111A2F856488007BA47C /* FirebaseAnalyticsIdentitySupport in Frameworks */ = {isa = PBXBuildFile; productRef = 911B11192F856488007BA47C /* FirebaseAnalyticsIdentitySupport */; };
		911B111C2F856488007BA47C /* FirebaseAppCheck in Frameworks */ = {isa = PBXBuildFile; productRef = 911B111B2F856488007BA47C /* FirebaseAppCheck */; };
		911B111E2F856488007BA47C /* FirebaseAppDistribution-Beta in Frameworks */ = {isa = PBXBuildFile; productRef = 911B111D2F856488007BA47C /* FirebaseAppDistribution-Beta */; };
		911B11202F856488007BA47C /* FirebaseAuth in Frameworks */ = {isa = PBXBuildFile; productRef = 911B111F2F856488007BA47C /* FirebaseAuth */; };
		911B11222F856488007BA47C /* FirebaseAuthCombine-Community in Frameworks */ = {isa = PBXBuildFile; productRef = 911B11212F856488007BA47C /* FirebaseAuthCombine-Community */; };
		911B11242F856488007BA47C /* FirebaseCore in Frameworks */ = {isa = PBXBuildFile; productRef = 911B11232F856488007BA47C /* FirebaseCore */; };
		911B11262F856488007BA47C /* FirebaseCrashlytics in Frameworks */ = {isa = PBXBuildFile; productRef = 911B11252F856488007BA47C /* FirebaseCrashlytics */; };
		911B11282F856488007BA47C /* FirebaseDatabase in Frameworks */ = {isa = PBXBuildFile; productRef = 911B11272F856488007BA47C /* FirebaseDatabase */; };
		911B112A2F856488007BA47C /* FirebaseFirestore in Frameworks */ = {isa = PBXBuildFile; productRef = 911B11292F856488007BA47C /* FirebaseFirestore */; };
		911B112C2F856488007BA47C /* FirebaseFirestoreCombine-Community in Frameworks */ = {isa = PBXBuildFile; productRef = 911B112B2F856488007BA47C /* FirebaseFirestoreCombine-Community */; };
		911B112E2F856488007BA47C /* FirebaseRemoteConfig in Frameworks */ = {isa = PBXBuildFile; productRef = 911B112D2F856488007BA47C /* FirebaseRemoteConfig */; };
		911B11302F856488007BA47C /* FirebaseStorage in Frameworks */ = {isa = PBXBuildFile; productRef = 911B112F2F856488007BA47C /* FirebaseStorage */; };
		911B11322F856488007BA47C /* FirebaseStorageCombine-Community in Frameworks */ = {isa = PBXBuildFile; productRef = 911B11312F856488007BA47C /* FirebaseStorageCombine-Community */; };
		911B11342F856488007BA47C /* GoogleSignIn in Frameworks */ = {isa = PBXBuildFile; productRef = 911B11332F856488007BA47C /* GoogleSignIn */; };
/* End PBXBuildFile section */

/* Begin PBXFileReference section */
		918368692F7EF6A50003A93C /* AlgoFlash.app */ = {isa = PBXFileReference; explicitFileType = wrapper.application; includeInIndex = 0; path = AlgoFlash.app; sourceTree = BUILT_PRODUCTS_DIR; };
/* End PBXFileReference section */

/* Begin PBXFileSystemSynchronizedRootGroup section */
		9183686B2F7EF6A50003A93C /* AlgoFlash */ = {
			isa = PBXFileSystemSynchronizedRootGroup;
			path = AlgoFlash;
			sourceTree = "<group>";
		};
/* End PBXFileSystemSynchronizedRootGroup section */

/* Begin PBXFrameworksBuildPhase section */
		918368662F7EF6A50003A93C /* Frameworks */ = {
			isa = PBXFrameworksBuildPhase;
			buildActionMask = 2147483647;
			files = (
				911B11282F856488007BA47C /* FirebaseDatabase in Frameworks */,
				911B111C2F856488007BA47C /* FirebaseAppCheck in Frameworks */,
				911B11202F856488007BA47C /* FirebaseAuth in Frameworks */,
				911B11162F856488007BA47C /* FirebaseAnalytics in Frameworks */,
				911B111E2F856488007BA47C /* FirebaseAppDistribution-Beta in Frameworks */,
				911B11182F856488007BA47C /* FirebaseAnalyticsCore in Frameworks */,
				911B11222F856488007BA47C /* FirebaseAuthCombine-Community in Frameworks */,
				911B11322F856488007BA47C /* FirebaseStorageCombine-Community in Frameworks */,
				911B11262F856488007BA47C /* FirebaseCrashlytics in Frameworks */,
				911B11242F856488007BA47C /* FirebaseCore in Frameworks */,
				911B112C2F856488007BA47C /* FirebaseFirestoreCombine-Community in Frameworks */,
				911B112E2F856488007BA47C /* FirebaseRemoteConfig in Frameworks */,
				911B11302F856488007BA47C /* FirebaseStorage in Frameworks */,
				911B112A2F856488007BA47C /* FirebaseFirestore in Frameworks */,
				911B111A2F856488007BA47C /* FirebaseAnalyticsIdentitySupport in Frameworks */,
				911B11342F856488007BA47C /* GoogleSignIn in Frameworks */,
			);
			runOnlyForDeploymentPostprocessing = 0;
		};
/* End PBXFrameworksBuildPhase section */

/* Begin PBXGroup section */
		918368602F7EF6A50003A93C = {
			isa = PBXGroup;
			children = (
				9183686B2F7EF6A50003A93C /* AlgoFlash */,
				9183686A2F7EF6A50003A93C /* Products */,
			);
			sourceTree = "<group>";
		};
		9183686A2F7EF6A50003A93C /* Products */ = {
			isa = PBXGroup;
			children = (
				918368692F7EF6A50003A93C /* AlgoFlash.app */,
			);
			name = Products;
			sourceTree = "<group>";
		};
/* End PBXGroup section */

/* Begin PBXNativeTarget section */
		918368682F7EF6A50003A93C /* AlgoFlash */ = {
			isa = PBXNativeTarget;
			buildConfigurationList = 918368742F7EF6A80003A93C /* Build configuration list for PBXNativeTarget "AlgoFlash" */;
			buildPhases = (
				918368652F7EF6A50003A93C /* Sources */,
				918368662F7EF6A50003A93C /* Frameworks */,
				918368672F7EF6A50003A93C /* Resources */,
			);
			buildRules = (
			);
			dependencies = (
			);
			fileSystemSynchronizedGroups = (
				9183686B2F7EF6A50003A93C /* AlgoFlash */,
			);
			name = AlgoFlash;
			packageProductDependencies = (
				911B11152F856488007BA47C /* FirebaseAnalytics */,
				911B11172F856488007BA47C /* FirebaseAnalyticsCore */,
				911B11192F856488007BA47C /* FirebaseAnalyticsIdentitySupport */,
				911B111B2F856488007BA47C /* FirebaseAppCheck */,
				911B111D2F856488007BA47C /* FirebaseAppDistribution-Beta */,
				911B111F2F856488007BA47C /* FirebaseAuth */,
				911B11212F856488007BA47C /* FirebaseAuthCombine-Community */,
				911B11232F856488007BA47C /* FirebaseCore */,
				911B11252F856488007BA47C /* FirebaseCrashlytics */,
				911B11272F856488007BA47C /* FirebaseDatabase */,
				911B11292F856488007BA47C /* FirebaseFirestore */,
				911B112B2F856488007BA47C /* FirebaseFirestoreCombine-Community */,
				911B112D2F856488007BA47C /* FirebaseRemoteConfig */,
				911B112F2F856488007BA47C /* FirebaseStorage */,
				911B11312F856488007BA47C /* FirebaseStorageCombine-Community */,
				911B11332F856488007BA47C /* GoogleSignIn */,
			);
			productName = AlgoFlash;
			productReference = 918368692F7EF6A50003A93C /* AlgoFlash.app */;
			productType = "com.apple.product-type.application";
		};
/* End PBXNativeTarget section */

/* Begin PBXProject section */
		918368612F7EF6A50003A93C /* Project object */ = {
			isa = PBXProject;
			attributes = {
				BuildIndependentTargetsInParallel = 1;
				LastSwiftUpdateCheck = 2640;
				LastUpgradeCheck = 2640;
				TargetAttributes = {
					918368682F7EF6A50003A93C = {
						CreatedOnToolsVersion = 26.4;
					};
				};
			};
			buildConfigurationList = 918368642F7EF6A50003A93C /* Build configuration list for PBXProject "AlgoFlash" */;
			developmentRegion = en;
			hasScannedForEncodings = 0;
			knownRegions = (
				en,
				Base,
			);
			mainGroup = 918368602F7EF6A50003A93C;
			minimizedProjectReferenceProxies = 1;
			packageReferences = (
				911B11142F856488007BA47C /* XCRemoteSwiftPackageReference "firebase-ios-sdk" */,
				911B11352F856488007BA47C /* XCRemoteSwiftPackageReference "GoogleSignIn-iOS" */,
			);
			preferredProjectObjectVersion = 77;
			productRefGroup = 9183686A2F7EF6A50003A93C /* Products */;
			projectDirPath = "";
			projectRoot = "";
			targets = (
				918368682F7EF6A50003A93C /* AlgoFlash */,
			);
		};
/* End PBXProject section */

/* Begin PBXResourcesBuildPhase section */
		918368672F7EF6A50003A93C /* Resources */ = {
			isa = PBXResourcesBuildPhase;
			buildActionMask = 2147483647;
			files = (
			);
			runOnlyForDeploymentPostprocessing = 0;
		};
/* End PBXResourcesBuildPhase section */

/* Begin PBXSourcesBuildPhase section */
		918368652F7EF6A50003A93C /* Sources */ = {
			isa = PBXSourcesBuildPhase;
			buildActionMask = 2147483647;
			files = (
			);
			runOnlyForDeploymentPostprocessing = 0;
		};
/* End PBXSourcesBuildPhase section */

/* Begin XCBuildConfiguration section */
		918368722F7EF6A80003A93C /* Debug */ = {
			isa = XCBuildConfiguration;
			buildSettings = {
				ALWAYS_SEARCH_USER_PATHS = NO;
				ASSETCATALOG_COMPILER_GENERATE_SWIFT_ASSET_SYMBOL_EXTENSIONS = YES;
				CLANG_ANALYZER_NONNULL = YES;
				CLANG_ANALYZER_NUMBER_OBJECT_CONVERSION = YES_AGGRESSIVE;
				CLANG_CXX_LANGUAGE_STANDARD = "gnu++20";
				CLANG_ENABLE_MODULES = YES;
				CLANG_ENABLE_OBJC_ARC = YES;
				CLANG_ENABLE_OBJC_WEAK = YES;
				CLANG_WARN_BLOCK_CAPTURE_AUTORELEASING = YES;
				CLANG_WARN_BOOL_CONVERSION = YES;
				CLANG_WARN_COMMA = YES;
				CLANG_WARN_CONSTANT_CONVERSION = YES;
				CLANG_WARN_DEPRECATED_OBJC_IMPLEMENTATIONS = YES;
				CLANG_WARN_DIRECT_OBJC_ISA_USAGE = YES_ERROR;
				CLANG_WARN_DOCUMENTATION_COMMENTS = YES;
				CLANG_WARN_EMPTY_BODY = YES;
				CLANG_WARN_ENUM_CONVERSION = YES;
				CLANG_WARN_INFINITE_RECURSION = YES;
				CLANG_WARN_INT_CONVERSION = YES;
				CLANG_WARN_NON_LITERAL_NULL_CONVERSION = YES;
				CLANG_WARN_OBJC_IMPLICIT_RETAIN_SELF = YES;
				CLANG_WARN_OBJC_LITERAL_CONVERSION = YES;
				CLANG_WARN_OBJC_ROOT_CLASS = YES_ERROR;
				CLANG_WARN_QUOTED_INCLUDE_IN_FRAMEWORK_HEADER = YES;
				CLANG_WARN_RANGE_LOOP_ANALYSIS = YES;
				CLANG_WARN_STRICT_PROTOTYPES = YES;
				CLANG_WARN_SUSPICIOUS_MOVE = YES;
				CLANG_WARN_UNGUARDED_AVAILABILITY = YES_AGGRESSIVE;
				CLANG_WARN_UNREACHABLE_CODE = YES;
				CLANG_WARN__DUPLICATE_METHOD_MATCH = YES;
				COPY_PHASE_STRIP = NO;
				DEBUG_INFORMATION_FORMAT = dwarf;
				ENABLE_STRICT_OBJC_MSGSEND = YES;
				ENABLE_TESTABILITY = YES;
				ENABLE_USER_SCRIPT_SANDBOXING = YES;
				GCC_C_LANGUAGE_STANDARD = gnu17;
				GCC_DYNAMIC_NO_PIC = NO;
				GCC_NO_COMMON_BLOCKS = YES;
				GCC_OPTIMIZATION_LEVEL = 0;
				GCC_PREPROCESSOR_DEFINITIONS = (
					"DEBUG=1",
					"$(inherited)",
				);
				GCC_WARN_64_TO_32_BIT_CONVERSION = YES;
				GCC_WARN_ABOUT_RETURN_TYPE = YES_ERROR;
				GCC_WARN_UNDECLARED_SELECTOR = YES;
				GCC_WARN_UNINITIALIZED_AUTOS = YES_AGGRESSIVE;
				GCC_WARN_UNUSED_FUNCTION = YES;
				GCC_WARN_UNUSED_VARIABLE = YES;
				IPHONEOS_DEPLOYMENT_TARGET = 26.4;
				LOCALIZATION_PREFERS_STRING_CATALOGS = YES;
				MTL_ENABLE_DEBUG_INFO = INCLUDE_SOURCE;
				MTL_FAST_MATH = YES;
				ONLY_ACTIVE_ARCH = YES;
				SDKROOT = iphoneos;
				SWIFT_ACTIVE_COMPILATION_CONDITIONS = "DEBUG $(inherited)";
				SWIFT_OPTIMIZATION_LEVEL = "-Onone";
			};
			name = Debug;
		};
		918368732F7EF6A80003A93C /* Release */ = {
			isa = XCBuildConfiguration;
			buildSettings = {
				ALWAYS_SEARCH_USER_PATHS = NO;
				ASSETCATALOG_COMPILER_GENERATE_SWIFT_ASSET_SYMBOL_EXTENSIONS = YES;
				CLANG_ANALYZER_NONNULL = YES;
				CLANG_ANALYZER_NUMBER_OBJECT_CONVERSION = YES_AGGRESSIVE;
				CLANG_CXX_LANGUAGE_STANDARD = "gnu++20";
				CLANG_ENABLE_MODULES = YES;
				CLANG_ENABLE_OBJC_ARC = YES;
				CLANG_ENABLE_OBJC_WEAK = YES;
				CLANG_WARN_BLOCK_CAPTURE_AUTORELEASING = YES;
				CLANG_WARN_BOOL_CONVERSION = YES;
				CLANG_WARN_COMMA = YES;
				CLANG_WARN_CONSTANT_CONVERSION = YES;
				CLANG_WARN_DEPRECATED_OBJC_IMPLEMENTATIONS = YES;
				CLANG_WARN_DIRECT_OBJC_ISA_USAGE = YES_ERROR;
				CLANG_WARN_DOCUMENTATION_COMMENTS = YES;
				CLANG_WARN_EMPTY_BODY = YES;
				CLANG_WARN_ENUM_CONVERSION = YES;
				CLANG_WARN_INFINITE_RECURSION = YES;
				CLANG_WARN_INT_CONVERSION = YES;
				CLANG_WARN_NON_LITERAL_NULL_CONVERSION = YES;
				CLANG_WARN_OBJC_IMPLICIT_RETAIN_SELF = YES;
				CLANG_WARN_OBJC_LITERAL_CONVERSION = YES;
				CLANG_WARN_OBJC_ROOT_CLASS = YES_ERROR;
				CLANG_WARN_QUOTED_INCLUDE_IN_FRAMEWORK_HEADER = YES;
				CLANG_WARN_RANGE_LOOP_ANALYSIS = YES;
				CLANG_WARN_STRICT_PROTOTYPES = YES;
				CLANG_WARN_SUSPICIOUS_MOVE = YES;
				CLANG_WARN_UNGUARDED_AVAILABILITY = YES_AGGRESSIVE;
				CLANG_WARN_UNREACHABLE_CODE = YES;
				CLANG_WARN__DUPLICATE_METHOD_MATCH = YES;
				COPY_PHASE_STRIP = NO;
				DEBUG_INFORMATION_FORMAT = "dwarf-with-dsym";
				ENABLE_NS_ASSERTIONS = NO;
				ENABLE_STRICT_OBJC_MSGSEND = YES;
				ENABLE_USER_SCRIPT_SANDBOXING = YES;
				GCC_C_LANGUAGE_STANDARD = gnu17;
				GCC_NO_COMMON_BLOCKS = YES;
				GCC_WARN_64_TO_32_BIT_CONVERSION = YES;
				GCC_WARN_ABOUT_RETURN_TYPE = YES_ERROR;
				GCC_WARN_UNDECLARED_SELECTOR = YES;
				GCC_WARN_UNINITIALIZED_AUTOS = YES_AGGRESSIVE;
				GCC_WARN_UNUSED_FUNCTION = YES;
				GCC_WARN_UNUSED_VARIABLE = YES;
				IPHONEOS_DEPLOYMENT_TARGET = 26.4;
				LOCALIZATION_PREFERS_STRING_CATALOGS = YES;
				MTL_ENABLE_DEBUG_INFO = NO;
				MTL_FAST_MATH = YES;
				SDKROOT = iphoneos;
				SWIFT_COMPILATION_MODE = wholemodule;
				VALIDATE_PRODUCT = YES;
			};
			name = Release;
		};
		918368752F7EF6A80003A93C /* Debug */ = {
			isa = XCBuildConfiguration;
			buildSettings = {
				ASSETCATALOG_COMPILER_APPICON_NAME = AppIcon;
				ASSETCATALOG_COMPILER_GLOBAL_ACCENT_COLOR_NAME = AccentColor;
				CODE_SIGN_STYLE = Automatic;
				CURRENT_PROJECT_VERSION = 1;
				ENABLE_PREVIEWS = YES;
				GENERATE_INFOPLIST_FILE = YES;
				INFOPLIST_KEY_UIApplicationSceneManifest_Generation = YES;
				INFOPLIST_KEY_UIApplicationSupportsIndirectInputEvents = YES;
				INFOPLIST_KEY_CFBundleURLTypes = (
					{
						CFBundleTypeRole = Editor;
						CFBundleURLSchemes = (
							"com.googleusercontent.apps.160024676943-amptpv55l21sq51urmb6hqr05o8ut9lr",
						);
					},
				);
				INFOPLIST_KEY_UILaunchScreen_Generation = YES;
				INFOPLIST_KEY_UISupportedInterfaceOrientations_iPad = "UIInterfaceOrientationPortrait UIInterfaceOrientationPortraitUpsideDown UIInterfaceOrientationLandscapeLeft UIInterfaceOrientationLandscapeRight";
				INFOPLIST_KEY_UISupportedInterfaceOrientations_iPhone = "UIInterfaceOrientationPortrait UIInterfaceOrientationLandscapeLeft UIInterfaceOrientationLandscapeRight";
				LD_RUNPATH_SEARCH_PATHS = (
					"$(inherited)",
					"@executable_path/Frameworks",
				);
				MARKETING_VERSION = 1.0;
				PRODUCT_BUNDLE_IDENTIFIER = com.project.AlgoFlash;
				PRODUCT_NAME = "$(TARGET_NAME)";
				STRING_CATALOG_GENERATE_SYMBOLS = YES;
				SWIFT_APPROACHABLE_CONCURRENCY = YES;
				SWIFT_DEFAULT_ACTOR_ISOLATION = MainActor;
				SWIFT_EMIT_LOC_STRINGS = YES;
				SWIFT_UPCOMING_FEATURE_MEMBER_IMPORT_VISIBILITY = YES;
				SWIFT_VERSION = 5.0;
				TARGETED_DEVICE_FAMILY = "1,2";
			};
			name = Debug;
		};
		918368762F7EF6A80003A93C /* Release */ = {
			isa = XCBuildConfiguration;
			buildSettings = {
				ASSETCATALOG_COMPILER_APPICON_NAME = AppIcon;
				ASSETCATALOG_COMPILER_GLOBAL_ACCENT_COLOR_NAME = AccentColor;
				CODE_SIGN_STYLE = Automatic;
				CURRENT_PROJECT_VERSION = 1;
				ENABLE_PREVIEWS = YES;
				GENERATE_INFOPLIST_FILE = YES;
				INFOPLIST_KEY_UIApplicationSceneManifest_Generation = YES;
				INFOPLIST_KEY_UIApplicationSupportsIndirectInputEvents = YES;
				INFOPLIST_KEY_CFBundleURLTypes = (
					{
						CFBundleTypeRole = Editor;
						CFBundleURLSchemes = (
							"com.googleusercontent.apps.160024676943-amptpv55l21sq51urmb6hqr05o8ut9lr",
						);
					},
				);
				INFOPLIST_KEY_UILaunchScreen_Generation = YES;
				INFOPLIST_KEY_UISupportedInterfaceOrientations_iPad = "UIInterfaceOrientationPortrait UIInterfaceOrientationPortraitUpsideDown UIInterfaceOrientationLandscapeLeft UIInterfaceOrientationLandscapeRight";
				INFOPLIST_KEY_UISupportedInterfaceOrientations_iPhone = "UIInterfaceOrientationPortrait UIInterfaceOrientationLandscapeLeft UIInterfaceOrientationLandscapeRight";
				LD_RUNPATH_SEARCH_PATHS = (
					"$(inherited)",
					"@executable_path/Frameworks",
				);
				MARKETING_VERSION = 1.0;
				PRODUCT_BUNDLE_IDENTIFIER = com.project.AlgoFlash;
				PRODUCT_NAME = "$(TARGET_NAME)";
				STRING_CATALOG_GENERATE_SYMBOLS = YES;
				SWIFT_APPROACHABLE_CONCURRENCY = YES;
				SWIFT_DEFAULT_ACTOR_ISOLATION = MainActor;
				SWIFT_EMIT_LOC_STRINGS = YES;
				SWIFT_UPCOMING_FEATURE_MEMBER_IMPORT_VISIBILITY = YES;
				SWIFT_VERSION = 5.0;
				TARGETED_DEVICE_FAMILY = "1,2";
			};
			name = Release;
		};
/* End XCBuildConfiguration section */

/* Begin XCConfigurationList section */
		918368642F7EF6A50003A93C /* Build configuration list for PBXProject "AlgoFlash" */ = {
			isa = XCConfigurationList;
			buildConfigurations = (
				918368722F7EF6A80003A93C /* Debug */,
				918368732F7EF6A80003A93C /* Release */,
			);
			defaultConfigurationIsVisible = 0;
			defaultConfigurationName = Release;
		};
		918368742F7EF6A80003A93C /* Build configuration list for PBXNativeTarget "AlgoFlash" */ = {
			isa = XCConfigurationList;
			buildConfigurations = (
				918368752F7EF6A80003A93C /* Debug */,
				918368762F7EF6A80003A93C /* Release */,
			);
			defaultConfigurationIsVisible = 0;
			defaultConfigurationName = Release;
		};
/* End XCConfigurationList section */

/* Begin XCRemoteSwiftPackageReference section */
		911B11142F856488007BA47C /* XCRemoteSwiftPackageReference "firebase-ios-sdk" */ = {
			isa = XCRemoteSwiftPackageReference;
			repositoryURL = "https://github.com/firebase/firebase-ios-sdk";
			requirement = {
				kind = upToNextMajorVersion;
				minimumVersion = 12.12.0;
			};
		};
		911B11352F856488007BA47C /* XCRemoteSwiftPackageReference "GoogleSignIn-iOS" */ = {
			isa = XCRemoteSwiftPackageReference;
			repositoryURL = "https://github.com/google/GoogleSignIn-iOS";
			requirement = {
				kind = upToNextMajorVersion;
				minimumVersion = 8.0.0;
			};
		};
/* End XCRemoteSwiftPackageReference section */

/* Begin XCSwiftPackageProductDependency section */
		911B11152F856488007BA47C /* FirebaseAnalytics */ = {
			isa = XCSwiftPackageProductDependency;
			package = 911B11142F856488007BA47C /* XCRemoteSwiftPackageReference "firebase-ios-sdk" */;
			productName = FirebaseAnalytics;
		};
		911B11172F856488007BA47C /* FirebaseAnalyticsCore */ = {
			isa = XCSwiftPackageProductDependency;
			package = 911B11142F856488007BA47C /* XCRemoteSwiftPackageReference "firebase-ios-sdk" */;
			productName = FirebaseAnalyticsCore;
		};
		911B11192F856488007BA47C /* FirebaseAnalyticsIdentitySupport */ = {
			isa = XCSwiftPackageProductDependency;
			package = 911B11142F856488007BA47C /* XCRemoteSwiftPackageReference "firebase-ios-sdk" */;
			productName = FirebaseAnalyticsIdentitySupport;
		};
		911B111B2F856488007BA47C /* FirebaseAppCheck */ = {
			isa = XCSwiftPackageProductDependency;
			package = 911B11142F856488007BA47C /* XCRemoteSwiftPackageReference "firebase-ios-sdk" */;
			productName = FirebaseAppCheck;
		};
		911B111D2F856488007BA47C /* FirebaseAppDistribution-Beta */ = {
			isa = XCSwiftPackageProductDependency;
			package = 911B11142F856488007BA47C /* XCRemoteSwiftPackageReference "firebase-ios-sdk" */;
			productName = "FirebaseAppDistribution-Beta";
		};
		911B111F2F856488007BA47C /* FirebaseAuth */ = {
			isa = XCSwiftPackageProductDependency;
			package = 911B11142F856488007BA47C /* XCRemoteSwiftPackageReference "firebase-ios-sdk" */;
			productName = FirebaseAuth;
		};
		911B11212F856488007BA47C /* FirebaseAuthCombine-Community */ = {
			isa = XCSwiftPackageProductDependency;
			package = 911B11142F856488007BA47C /* XCRemoteSwiftPackageReference "firebase-ios-sdk" */;
			productName = "FirebaseAuthCombine-Community";
		};
		911B11232F856488007BA47C /* FirebaseCore */ = {
			isa = XCSwiftPackageProductDependency;
			package = 911B11142F856488007BA47C /* XCRemoteSwiftPackageReference "firebase-ios-sdk" */;
			productName = FirebaseCore;
		};
		911B11252F856488007BA47C /* FirebaseCrashlytics */ = {
			isa = XCSwiftPackageProductDependency;
			package = 911B11142F856488007BA47C /* XCRemoteSwiftPackageReference "firebase-ios-sdk" */;
			productName = FirebaseCrashlytics;
		};
		911B11272F856488007BA47C /* FirebaseDatabase */ = {
			isa = XCSwiftPackageProductDependency;
			package = 911B11142F856488007BA47C /* XCRemoteSwiftPackageReference "firebase-ios-sdk" */;
			productName = FirebaseDatabase;
		};
		911B11292F856488007BA47C /* FirebaseFirestore */ = {
			isa = XCSwiftPackageProductDependency;
			package = 911B11142F856488007BA47C /* XCRemoteSwiftPackageReference "firebase-ios-sdk" */;
			productName = FirebaseFirestore;
		};
		911B112B2F856488007BA47C /* FirebaseFirestoreCombine-Community */ = {
			isa = XCSwiftPackageProductDependency;
			package = 911B11142F856488007BA47C /* XCRemoteSwiftPackageReference "firebase-ios-sdk" */;
			productName = "FirebaseFirestoreCombine-Community";
		};
		911B112D2F856488007BA47C /* FirebaseRemoteConfig */ = {
			isa = XCSwiftPackageProductDependency;
			package = 911B11142F856488007BA47C /* XCRemoteSwiftPackageReference "firebase-ios-sdk" */;
			productName = FirebaseRemoteConfig;
		};
		911B112F2F856488007BA47C /* FirebaseStorage */ = {
			isa = XCSwiftPackageProductDependency;
			package = 911B11142F856488007BA47C /* XCRemoteSwiftPackageReference "firebase-ios-sdk" */;
			productName = FirebaseStorage;
		};
		911B11312F856488007BA47C /* FirebaseStorageCombine-Community */ = {
			isa = XCSwiftPackageProductDependency;
			package = 911B11142F856488007BA47C /* XCRemoteSwiftPackageReference "firebase-ios-sdk" */;
			productName = "FirebaseStorageCombine-Community";
		};
		911B11332F856488007BA47C /* GoogleSignIn */ = {
			isa = XCSwiftPackageProductDependency;
			package = 911B11352F856488007BA47C /* XCRemoteSwiftPackageReference "GoogleSignIn-iOS" */;
			productName = GoogleSignIn;
		};
/* End XCSwiftPackageProductDependency section */
	};
	rootObject = 918368612F7EF6A50003A93C /* Project object */;
}
